
Microsoft Visual Studio Solution File, Format Version 12.00
# Visual Studio 15
VisualStudioVersion = 15.0.28307.329
MinimumVisualStudioVersion = 10.0.40219.1
Project("{9A19103F-16F7-4668-BE54-9A1E7A4F7556}") = "CortadorDeGrama", "CortadorDeGrama\CortadorDeGrama.csproj", "{8A01C468-14D4-4080-8BC5-E23B6480494E}"
EndProject
Project("{FAE04EC0-301F-11D3-BF4B-00C04F79EFBC}") = "algoritmoArtificialBusca", "algoritmoArtificialBusca\algoritmoArtificialBusca.csproj", "{5DF80FBE-1188-41B6-8C8E-1DBAE346355B}"
EndProject
Global
	GlobalSection(SolutionConfigurationPlatforms) = preSolution
		Debug|Any CPU = Debug|Any CPU
		Release|Any CPU = Release|Any CPU
	EndGlobalSection
	GlobalSection(ProjectConfigurationPlatforms) = postSolution
		{8A01C468-14D4-4080-8BC5-E23B6480494E}.Debug|Any CPU.ActiveCfg = Debug|Any CPU
		{8A01C468-14D4-4080-8BC5-E23B6480494E}.Debug|Any CPU.Build.0 = Debug|Any CPU
		{8A01C468-14D4-4080-8BC5-E23B6480494E}.Release|Any CPU.ActiveCfg = Release|Any CPU
		{8A01C468-14D4-4080-8BC5-E23B6480494E}.Release|Any CPU.Build.0 = Release|Any CPU
		{5DF80FBE-1188-41B6-8C8E-1DBAE346355B}.Debug|Any CPU.ActiveCfg = Debug|Any CPU
		{5DF80FBE-1188-41B6-8C8E-1DBAE346355B}.Debug|Any CPU.Build.0 = Debug|Any CPU
		{5DF80FBE-1188-41B6-8C8E-1DBAE346355B}.Release|Any CPU.ActiveCfg = Release|Any CPU
		{5DF80FBE-1188-41B6-8C8E-1DBAE346355B}.Release|Any CPU.Build.0 = Release|Any CPU
	EndGlobalSection
	GlobalSection(SolutionProperties) = preSolution
		HideSolutionNode = FALSE
	EndGlobalSection
	GlobalSection(ExtensibilityGlobals) = postSolution
		SolutionGuid = {3FAA170B-5A06-4E5D-85BD-EEBE728B714F}
	EndGlobalSection
EndGlobal
